
Microsoft Visual Studio Solution File, Format Version 12.00
# Visual Studio 2012
Project("{FAE04EC0-301F-11D3-BF4B-00C04F79EFBC}") = "SimpleFactory", "SimpleFactory\SimpleFactory.csproj", "{1C44F9E2-16E7-43E6-B7E4-2E94C30C5B18}"
EndProject
Project("{FAE04EC0-301F-11D3-BF4B-00C04F79EFBC}") = "Singleton", "Singleton\Singleton.csproj", "{1D2C9DBB-163F-4CF4-8F29-9477E3B3C3FC}"
EndProject
Project("{FAE04EC0-301F-11D3-BF4B-00C04F79EFBC}") = "StaticFactory", "StaticFactory\StaticFactory.csproj", "{98639AA1-D81E-4C93-A770-6357147254A5}"
EndProject
Project("{FAE04EC0-301F-11D3-BF4B-00C04F79EFBC}") = "ChainOfResponsibilities", "ChainOfResponsibilities\ChainOfResponsibilities.csproj", "{857AE230-97A5-4E95-A6C7-EEAB9977C90C}"
EndProject
Project("{FAE04EC0-301F-11D3-BF4B-00C04F79EFBC}") = "Iterator", "Iterator\Iterator.csproj", "{09404A89-0BBD-45A1-89DB-78118A092EEE}"
EndProject
Project("{FAE04EC0-301F-11D3-BF4B-00C04F79EFBC}") = "Mediator", "Mediator\Mediator.csproj", "{F194534B-B73B-4948-A689-34DB705A4599}"
EndProject
Project("{FAE04EC0-301F-11D3-BF4B-00C04F79EFBC}") = "Memento", "Memento\Memento.csproj", "{DCD64D22-3028-45CF-B8F4-4C30525946E7}"
EndProject
Project("{FAE04EC0-301F-11D3-BF4B-00C04F79EFBC}") = "NullObject", "NullObject\NullObject.csproj", "{713FA7A5-309F-49D6-9C91-76BD73037E6B}"
EndProject
Project("{FAE04EC0-301F-11D3-BF4B-00C04F79EFBC}") = "Specification", "Specification\Specification.csproj", "{C02D7104-CF08-4E42-A5EC-DAEB7A6C034E}"
EndProject
Project("{FAE04EC0-301F-11D3-BF4B-00C04F79EFBC}") = "TemplateMethod", "TemplateMethod\TemplateMethod.csproj", "{097E4274-8086-4046-9CBD-FAA10592A173}"
EndProject
Project("{FAE04EC0-301F-11D3-BF4B-00C04F79EFBC}") = "Visitor", "Visitor\Visitor.csproj", "{83132D01-AC35-4A79-B361-9C379980AAED}"
EndProject
Project("{FAE04EC0-301F-11D3-BF4B-00C04F79EFBC}") = "Adapter", "Adapter\Adapter.csproj", "{C1DD21ED-44F3-417F-8199-EFBE5C9A8034}"
EndProject
Project("{FAE04EC0-301F-11D3-BF4B-00C04F79EFBC}") = "Bridge", "Bridge\Bridge.csproj", "{FB309E77-456F-4F4E-8D7B-085905D0D9A8}"
EndProject
Project("{FAE04EC0-301F-11D3-BF4B-00C04F79EFBC}") = "Composite", "Composite\Composite.csproj", "{B6F7DA86-CF16-4D4D-B5FD-3A88BA4122AA}"
EndProject
Project("{FAE04EC0-301F-11D3-BF4B-00C04F79EFBC}") = "DataMapper", "DataMapper\DataMapper.csproj", "{6569BC83-F6CE-4F59-B638-20520278491C}"
EndProject
Project("{FAE04EC0-301F-11D3-BF4B-00C04F79EFBC}") = "DependencyInjection", "DependencyInjection\DependencyInjection.csproj", "{73AD5C3B-41C6-4DEF-A7C3-54E1C965C474}"
EndProject
Project("{FAE04EC0-301F-11D3-BF4B-00C04F79EFBC}") = "Facade", "Facade\Facade.csproj", "{517D61D3-FDA9-40AE-92C4-BFF86B00428A}"
EndProject
Project("{FAE04EC0-301F-11D3-BF4B-00C04F79EFBC}") = "FluentInterface", "FluentInterface\FluentInterface.csproj", "{78E3537B-7A8C-41C4-845F-B5E40A909F30}"
EndProject
Project("{FAE04EC0-301F-11D3-BF4B-00C04F79EFBC}") = "FlyWeight", "FlyWeight\FlyWeight.csproj", "{1540F53C-E90B-4475-AD6D-EEF9EB5BB13B}"
EndProject
Project("{FAE04EC0-301F-11D3-BF4B-00C04F79EFBC}") = "Proxy", "Proxy\Proxy.csproj", "{902DCE78-5EC9-4A03-BC7E-7188D36E7C9E}"
EndProject
Project("{FAE04EC0-301F-11D3-BF4B-00C04F79EFBC}") = "Registry", "Registry\Registry.csproj", "{FC95F1BB-F8FC-448B-8A4B-DB1844D59FC8}"
EndProject
Project("{FAE04EC0-301F-11D3-BF4B-00C04F79EFBC}") = "Delegation", "Delegation\Delegation.csproj", "{6F22BDD9-5ECC-404C-AEED-1F4E196B051C}"
EndProject
Project("{FAE04EC0-301F-11D3-BF4B-00C04F79EFBC}") = "EAV", "EAV\EAV.csproj", "{864F7925-0C0E-4CAA-B3BA-82909F4E6869}"
EndProject
Project("{FAE04EC0-301F-11D3-BF4B-00C04F79EFBC}") = "Repository", "Repository\Repository.csproj", "{BAD65C23-344F-4105-80CD-517DF346E947}"
EndProject
Project("{FAE04EC0-301F-11D3-BF4B-00C04F79EFBC}") = "ServiceLocator", "ServiceLocator\ServiceLocator.csproj", "{54C9CBD4-FDCB-4A8A-B870-F7CBA5DD24F0}"
EndProject
Project("{2150E333-8FDC-42A3-9474-1A3956D46DE8}") = "Creational", "Creational", "{8B545F27-F323-454A-90BD-532040785B6A}"
EndProject
Project("{FAE04EC0-301F-11D3-BF4B-00C04F79EFBC}") = "AbstractFactory", "AbstractFactory\AbstractFactory.csproj", "{D21F4DA4-C1B3-4801-BE36-8EEA72D6C8A4}"
EndProject
Project("{FAE04EC0-301F-11D3-BF4B-00C04F79EFBC}") = "Builder", "Builder\Builder.csproj", "{666547BB-F1F6-4578-A39B-056B08D1796F}"
EndProject
Project("{FAE04EC0-301F-11D3-BF4B-00C04F79EFBC}") = "FactoryMethod", "FactoryMethod\FactoryMethod.csproj", "{D5605A4F-6070-4BB7-AAAA-97A0EF59C343}"
EndProject
Project("{FAE04EC0-301F-11D3-BF4B-00C04F79EFBC}") = "Multiton", "Multiton\Multiton.csproj", "{52F92E76-28BD-448B-BE43-8A74C3EEBEA3}"
EndProject
Project("{FAE04EC0-301F-11D3-BF4B-00C04F79EFBC}") = "Pool", "Pool\Pool.csproj", "{906F302C-6C83-409F-8EAF-D0D58CFEB0C4}"
EndProject
Project("{FAE04EC0-301F-11D3-BF4B-00C04F79EFBC}") = "Prototype", "Prototype\Prototype.csproj", "{01F1CEC1-C869-4A80-8E53-6C2754123B99}"
EndProject
Project("{2150E333-8FDC-42A3-9474-1A3956D46DE8}") = "Behavioral", "Behavioral", "{4ECCDEA3-C3CD-4F1C-A355-5B517224705F}"
EndProject
Project("{2150E333-8FDC-42A3-9474-1A3956D46DE8}") = "Structural", "Structural", "{E1C20B85-715D-4703-BFCA-1D59530A5491}"
EndProject
Project("{FAE04EC0-301F-11D3-BF4B-00C04F79EFBC}") = "StrategyDuck", "Behavioral\StrategyDuck\StrategyDuck.csproj", "{A8494545-4649-4C39-8F7D-A2A924B08B8D}"
EndProject
Project("{FAE04EC0-301F-11D3-BF4B-00C04F79EFBC}") = "StrategyOperations", "Behavioral\StrategyOperations\StrategyOperations.csproj", "{9AAB6C21-1BF4-4C88-90EF-77B0E1E3A41D}"
EndProject
Project("{FAE04EC0-301F-11D3-BF4B-00C04F79EFBC}") = "Observer", "Behavioral\Observer\Observer.csproj", "{077B6944-C066-4735-9A2B-4EEB5EA956EA}"
EndProject
Project("{FAE04EC0-301F-11D3-BF4B-00C04F79EFBC}") = "Observer2", "Behavioral\Observer2\Observer2.csproj", "{FF872120-482C-4D10-80C7-C5A3E8BC9059}"
EndProject
Project("{FAE04EC0-301F-11D3-BF4B-00C04F79EFBC}") = "DecoratorStarbuzz", "Structural\DecoratorStarbuzz\DecoratorStarbuzz.csproj", "{12F67877-A1CD-4639-8921-BD3DC37D5CF4}"
EndProject
Project("{FAE04EC0-301F-11D3-BF4B-00C04F79EFBC}") = "DecoratorWindow", "Structural\DecoratorWindow\DecoratorWindow.csproj", "{539FC76F-8ACF-4623-88F6-C08B52F4517E}"
EndProject
Project("{FAE04EC0-301F-11D3-BF4B-00C04F79EFBC}") = "Command", "Behavioral\Command\Command.csproj", "{A0235394-24B0-4D06-954C-829637D4A93F}"
EndProject
Project("{FAE04EC0-301F-11D3-BF4B-00C04F79EFBC}") = "AbstractFactory2", "AbstractFactory2\AbstractFactory2.csproj", "{2D78B458-27ED-4741-9420-547F2371F835}"
EndProject
Project("{FAE04EC0-301F-11D3-BF4B-00C04F79EFBC}") = "StrategyTeplyakov", "Behavioral\StrategyTeplyakov\StrategyTeplyakov.csproj", "{00313B46-00BF-4750-B152-01D8D2B1B7E7}"
EndProject
Project("{FAE04EC0-301F-11D3-BF4B-00C04F79EFBC}") = "TemplateMethodTeplyakov", "TemplateMethodTeplyakov\TemplateMethodTeplyakov.csproj", "{E8145752-B66B-46F8-AED8-5833D941F8F4}"
EndProject
Global
	GlobalSection(SolutionConfigurationPlatforms) = preSolution
		Debug|x86 = Debug|x86
		Release|x86 = Release|x86
	EndGlobalSection
	GlobalSection(ProjectConfigurationPlatforms) = postSolution
		{01F1CEC1-C869-4A80-8E53-6C2754123B99}.Debug|x86.ActiveCfg = Debug|x86
		{01F1CEC1-C869-4A80-8E53-6C2754123B99}.Debug|x86.Build.0 = Debug|x86
		{01F1CEC1-C869-4A80-8E53-6C2754123B99}.Release|x86.ActiveCfg = Release|x86
		{01F1CEC1-C869-4A80-8E53-6C2754123B99}.Release|x86.Build.0 = Release|x86
		{09404A89-0BBD-45A1-89DB-78118A092EEE}.Debug|x86.ActiveCfg = Debug|x86
		{09404A89-0BBD-45A1-89DB-78118A092EEE}.Debug|x86.Build.0 = Debug|x86
		{09404A89-0BBD-45A1-89DB-78118A092EEE}.Release|x86.ActiveCfg = Release|x86
		{09404A89-0BBD-45A1-89DB-78118A092EEE}.Release|x86.Build.0 = Release|x86
		{097E4274-8086-4046-9CBD-FAA10592A173}.Debug|x86.ActiveCfg = Debug|x86
		{097E4274-8086-4046-9CBD-FAA10592A173}.Debug|x86.Build.0 = Debug|x86
		{097E4274-8086-4046-9CBD-FAA10592A173}.Release|x86.ActiveCfg = Release|x86
		{097E4274-8086-4046-9CBD-FAA10592A173}.Release|x86.Build.0 = Release|x86
		{1540F53C-E90B-4475-AD6D-EEF9EB5BB13B}.Debug|x86.ActiveCfg = Debug|x86
		{1540F53C-E90B-4475-AD6D-EEF9EB5BB13B}.Debug|x86.Build.0 = Debug|x86
		{1540F53C-E90B-4475-AD6D-EEF9EB5BB13B}.Release|x86.ActiveCfg = Release|x86
		{1540F53C-E90B-4475-AD6D-EEF9EB5BB13B}.Release|x86.Build.0 = Release|x86
		{1C44F9E2-16E7-43E6-B7E4-2E94C30C5B18}.Debug|x86.ActiveCfg = Debug|x86
		{1C44F9E2-16E7-43E6-B7E4-2E94C30C5B18}.Debug|x86.Build.0 = Debug|x86
		{1C44F9E2-16E7-43E6-B7E4-2E94C30C5B18}.Release|x86.ActiveCfg = Release|x86
		{1C44F9E2-16E7-43E6-B7E4-2E94C30C5B18}.Release|x86.Build.0 = Release|x86
		{1D2C9DBB-163F-4CF4-8F29-9477E3B3C3FC}.Debug|x86.ActiveCfg = Debug|x86
		{1D2C9DBB-163F-4CF4-8F29-9477E3B3C3FC}.Debug|x86.Build.0 = Debug|x86
		{1D2C9DBB-163F-4CF4-8F29-9477E3B3C3FC}.Release|x86.ActiveCfg = Release|x86
		{1D2C9DBB-163F-4CF4-8F29-9477E3B3C3FC}.Release|x86.Build.0 = Release|x86
		{517D61D3-FDA9-40AE-92C4-BFF86B00428A}.Debug|x86.ActiveCfg = Debug|x86
		{517D61D3-FDA9-40AE-92C4-BFF86B00428A}.Debug|x86.Build.0 = Debug|x86
		{517D61D3-FDA9-40AE-92C4-BFF86B00428A}.Release|x86.ActiveCfg = Release|x86
		{517D61D3-FDA9-40AE-92C4-BFF86B00428A}.Release|x86.Build.0 = Release|x86
		{52F92E76-28BD-448B-BE43-8A74C3EEBEA3}.Debug|x86.ActiveCfg = Debug|x86
		{52F92E76-28BD-448B-BE43-8A74C3EEBEA3}.Debug|x86.Build.0 = Debug|x86
		{52F92E76-28BD-448B-BE43-8A74C3EEBEA3}.Release|x86.ActiveCfg = Release|x86
		{52F92E76-28BD-448B-BE43-8A74C3EEBEA3}.Release|x86.Build.0 = Release|x86
		{54C9CBD4-FDCB-4A8A-B870-F7CBA5DD24F0}.Debug|x86.ActiveCfg = Debug|x86
		{54C9CBD4-FDCB-4A8A-B870-F7CBA5DD24F0}.Debug|x86.Build.0 = Debug|x86
		{54C9CBD4-FDCB-4A8A-B870-F7CBA5DD24F0}.Release|x86.ActiveCfg = Release|x86
		{54C9CBD4-FDCB-4A8A-B870-F7CBA5DD24F0}.Release|x86.Build.0 = Release|x86
		{6569BC83-F6CE-4F59-B638-20520278491C}.Debug|x86.ActiveCfg = Debug|x86
		{6569BC83-F6CE-4F59-B638-20520278491C}.Debug|x86.Build.0 = Debug|x86
		{6569BC83-F6CE-4F59-B638-20520278491C}.Release|x86.ActiveCfg = Release|x86
		{6569BC83-F6CE-4F59-B638-20520278491C}.Release|x86.Build.0 = Release|x86
		{666547BB-F1F6-4578-A39B-056B08D1796F}.Debug|x86.ActiveCfg = Debug|x86
		{666547BB-F1F6-4578-A39B-056B08D1796F}.Debug|x86.Build.0 = Debug|x86
		{666547BB-F1F6-4578-A39B-056B08D1796F}.Release|x86.ActiveCfg = Release|x86
		{666547BB-F1F6-4578-A39B-056B08D1796F}.Release|x86.Build.0 = Release|x86
		{6F22BDD9-5ECC-404C-AEED-1F4E196B051C}.Debug|x86.ActiveCfg = Debug|x86
		{6F22BDD9-5ECC-404C-AEED-1F4E196B051C}.Debug|x86.Build.0 = Debug|x86
		{6F22BDD9-5ECC-404C-AEED-1F4E196B051C}.Release|x86.ActiveCfg = Release|x86
		{6F22BDD9-5ECC-404C-AEED-1F4E196B051C}.Release|x86.Build.0 = Release|x86
		{713FA7A5-309F-49D6-9C91-76BD73037E6B}.Debug|x86.ActiveCfg = Debug|x86
		{713FA7A5-309F-49D6-9C91-76BD73037E6B}.Debug|x86.Build.0 = Debug|x86
		{713FA7A5-309F-49D6-9C91-76BD73037E6B}.Release|x86.ActiveCfg = Release|x86
		{713FA7A5-309F-49D6-9C91-76BD73037E6B}.Release|x86.Build.0 = Release|x86
		{73AD5C3B-41C6-4DEF-A7C3-54E1C965C474}.Debug|x86.ActiveCfg = Debug|x86
		{73AD5C3B-41C6-4DEF-A7C3-54E1C965C474}.Debug|x86.Build.0 = Debug|x86
		{73AD5C3B-41C6-4DEF-A7C3-54E1C965C474}.Release|x86.ActiveCfg = Release|x86
		{73AD5C3B-41C6-4DEF-A7C3-54E1C965C474}.Release|x86.Build.0 = Release|x86
		{78E3537B-7A8C-41C4-845F-B5E40A909F30}.Debug|x86.ActiveCfg = Debug|x86
		{78E3537B-7A8C-41C4-845F-B5E40A909F30}.Debug|x86.Build.0 = Debug|x86
		{78E3537B-7A8C-41C4-845F-B5E40A909F30}.Release|x86.ActiveCfg = Release|x86
		{78E3537B-7A8C-41C4-845F-B5E40A909F30}.Release|x86.Build.0 = Release|x86
		{83132D01-AC35-4A79-B361-9C379980AAED}.Debug|x86.ActiveCfg = Debug|x86
		{83132D01-AC35-4A79-B361-9C379980AAED}.Debug|x86.Build.0 = Debug|x86
		{83132D01-AC35-4A79-B361-9C379980AAED}.Release|x86.ActiveCfg = Release|x86
		{83132D01-AC35-4A79-B361-9C379980AAED}.Release|x86.Build.0 = Release|x86
		{857AE230-97A5-4E95-A6C7-EEAB9977C90C}.Debug|x86.ActiveCfg = Debug|x86
		{857AE230-97A5-4E95-A6C7-EEAB9977C90C}.Debug|x86.Build.0 = Debug|x86
		{857AE230-97A5-4E95-A6C7-EEAB9977C90C}.Release|x86.ActiveCfg = Release|x86
		{857AE230-97A5-4E95-A6C7-EEAB9977C90C}.Release|x86.Build.0 = Release|x86
		{864F7925-0C0E-4CAA-B3BA-82909F4E6869}.Debug|x86.ActiveCfg = Debug|x86
		{864F7925-0C0E-4CAA-B3BA-82909F4E6869}.Debug|x86.Build.0 = Debug|x86
		{864F7925-0C0E-4CAA-B3BA-82909F4E6869}.Release|x86.ActiveCfg = Release|x86
		{864F7925-0C0E-4CAA-B3BA-82909F4E6869}.Release|x86.Build.0 = Release|x86
		{902DCE78-5EC9-4A03-BC7E-7188D36E7C9E}.Debug|x86.ActiveCfg = Debug|x86
		{902DCE78-5EC9-4A03-BC7E-7188D36E7C9E}.Debug|x86.Build.0 = Debug|x86
		{902DCE78-5EC9-4A03-BC7E-7188D36E7C9E}.Release|x86.ActiveCfg = Release|x86
		{902DCE78-5EC9-4A03-BC7E-7188D36E7C9E}.Release|x86.Build.0 = Release|x86
		{906F302C-6C83-409F-8EAF-D0D58CFEB0C4}.Debug|x86.ActiveCfg = Debug|x86
		{906F302C-6C83-409F-8EAF-D0D58CFEB0C4}.Debug|x86.Build.0 = Debug|x86
		{906F302C-6C83-409F-8EAF-D0D58CFEB0C4}.Release|x86.ActiveCfg = Release|x86
		{906F302C-6C83-409F-8EAF-D0D58CFEB0C4}.Release|x86.Build.0 = Release|x86
		{98639AA1-D81E-4C93-A770-6357147254A5}.Debug|x86.ActiveCfg = Debug|x86
		{98639AA1-D81E-4C93-A770-6357147254A5}.Debug|x86.Build.0 = Debug|x86
		{98639AA1-D81E-4C93-A770-6357147254A5}.Release|x86.ActiveCfg = Release|x86
		{98639AA1-D81E-4C93-A770-6357147254A5}.Release|x86.Build.0 = Release|x86
		{B6F7DA86-CF16-4D4D-B5FD-3A88BA4122AA}.Debug|x86.ActiveCfg = Debug|x86
		{B6F7DA86-CF16-4D4D-B5FD-3A88BA4122AA}.Debug|x86.Build.0 = Debug|x86
		{B6F7DA86-CF16-4D4D-B5FD-3A88BA4122AA}.Release|x86.ActiveCfg = Release|x86
		{B6F7DA86-CF16-4D4D-B5FD-3A88BA4122AA}.Release|x86.Build.0 = Release|x86
		{BAD65C23-344F-4105-80CD-517DF346E947}.Debug|x86.ActiveCfg = Debug|x86
		{BAD65C23-344F-4105-80CD-517DF346E947}.Debug|x86.Build.0 = Debug|x86
		{BAD65C23-344F-4105-80CD-517DF346E947}.Release|x86.ActiveCfg = Release|x86
		{BAD65C23-344F-4105-80CD-517DF346E947}.Release|x86.Build.0 = Release|x86
		{C02D7104-CF08-4E42-A5EC-DAEB7A6C034E}.Debug|x86.ActiveCfg = Debug|x86
		{C02D7104-CF08-4E42-A5EC-DAEB7A6C034E}.Debug|x86.Build.0 = Debug|x86
		{C02D7104-CF08-4E42-A5EC-DAEB7A6C034E}.Release|x86.ActiveCfg = Release|x86
		{C02D7104-CF08-4E42-A5EC-DAEB7A6C034E}.Release|x86.Build.0 = Release|x86
		{C1DD21ED-44F3-417F-8199-EFBE5C9A8034}.Debug|x86.ActiveCfg = Debug|x86
		{C1DD21ED-44F3-417F-8199-EFBE5C9A8034}.Debug|x86.Build.0 = Debug|x86
		{C1DD21ED-44F3-417F-8199-EFBE5C9A8034}.Release|x86.ActiveCfg = Release|x86
		{C1DD21ED-44F3-417F-8199-EFBE5C9A8034}.Release|x86.Build.0 = Release|x86
		{D21F4DA4-C1B3-4801-BE36-8EEA72D6C8A4}.Debug|x86.ActiveCfg = Debug|x86
		{D21F4DA4-C1B3-4801-BE36-8EEA72D6C8A4}.Debug|x86.Build.0 = Debug|x86
		{D21F4DA4-C1B3-4801-BE36-8EEA72D6C8A4}.Release|x86.ActiveCfg = Release|x86
		{D21F4DA4-C1B3-4801-BE36-8EEA72D6C8A4}.Release|x86.Build.0 = Release|x86
		{D5605A4F-6070-4BB7-AAAA-97A0EF59C343}.Debug|x86.ActiveCfg = Debug|x86
		{D5605A4F-6070-4BB7-AAAA-97A0EF59C343}.Debug|x86.Build.0 = Debug|x86
		{D5605A4F-6070-4BB7-AAAA-97A0EF59C343}.Release|x86.ActiveCfg = Release|x86
		{D5605A4F-6070-4BB7-AAAA-97A0EF59C343}.Release|x86.Build.0 = Release|x86
		{DCD64D22-3028-45CF-B8F4-4C30525946E7}.Debug|x86.ActiveCfg = Debug|x86
		{DCD64D22-3028-45CF-B8F4-4C30525946E7}.Debug|x86.Build.0 = Debug|x86
		{DCD64D22-3028-45CF-B8F4-4C30525946E7}.Release|x86.ActiveCfg = Release|x86
		{DCD64D22-3028-45CF-B8F4-4C30525946E7}.Release|x86.Build.0 = Release|x86
		{F194534B-B73B-4948-A689-34DB705A4599}.Debug|x86.ActiveCfg = Debug|x86
		{F194534B-B73B-4948-A689-34DB705A4599}.Debug|x86.Build.0 = Debug|x86
		{F194534B-B73B-4948-A689-34DB705A4599}.Release|x86.ActiveCfg = Release|x86
		{F194534B-B73B-4948-A689-34DB705A4599}.Release|x86.Build.0 = Release|x86
		{FB309E77-456F-4F4E-8D7B-085905D0D9A8}.Debug|x86.ActiveCfg = Debug|x86
		{FB309E77-456F-4F4E-8D7B-085905D0D9A8}.Debug|x86.Build.0 = Debug|x86
		{FB309E77-456F-4F4E-8D7B-085905D0D9A8}.Release|x86.ActiveCfg = Release|x86
		{FB309E77-456F-4F4E-8D7B-085905D0D9A8}.Release|x86.Build.0 = Release|x86
		{FC95F1BB-F8FC-448B-8A4B-DB1844D59FC8}.Debug|x86.ActiveCfg = Debug|x86
		{FC95F1BB-F8FC-448B-8A4B-DB1844D59FC8}.Debug|x86.Build.0 = Debug|x86
		{FC95F1BB-F8FC-448B-8A4B-DB1844D59FC8}.Release|x86.ActiveCfg = Release|x86
		{FC95F1BB-F8FC-448B-8A4B-DB1844D59FC8}.Release|x86.Build.0 = Release|x86
		{A8494545-4649-4C39-8F7D-A2A924B08B8D}.Debug|x86.ActiveCfg = Debug|Any CPU
		{A8494545-4649-4C39-8F7D-A2A924B08B8D}.Debug|x86.Build.0 = Debug|Any CPU
		{A8494545-4649-4C39-8F7D-A2A924B08B8D}.Release|x86.ActiveCfg = Release|Any CPU
		{A8494545-4649-4C39-8F7D-A2A924B08B8D}.Release|x86.Build.0 = Release|Any CPU
		{9AAB6C21-1BF4-4C88-90EF-77B0E1E3A41D}.Debug|x86.ActiveCfg = Debug|Any CPU
		{9AAB6C21-1BF4-4C88-90EF-77B0E1E3A41D}.Debug|x86.Build.0 = Debug|Any CPU
		{9AAB6C21-1BF4-4C88-90EF-77B0E1E3A41D}.Release|x86.ActiveCfg = Release|Any CPU
		{9AAB6C21-1BF4-4C88-90EF-77B0E1E3A41D}.Release|x86.Build.0 = Release|Any CPU
		{077B6944-C066-4735-9A2B-4EEB5EA956EA}.Debug|x86.ActiveCfg = Debug|x86
		{077B6944-C066-4735-9A2B-4EEB5EA956EA}.Debug|x86.Build.0 = Debug|x86
		{077B6944-C066-4735-9A2B-4EEB5EA956EA}.Release|x86.ActiveCfg = Release|x86
		{077B6944-C066-4735-9A2B-4EEB5EA956EA}.Release|x86.Build.0 = Release|x86
		{FF872120-482C-4D10-80C7-C5A3E8BC9059}.Debug|x86.ActiveCfg = Debug|Any CPU
		{FF872120-482C-4D10-80C7-C5A3E8BC9059}.Debug|x86.Build.0 = Debug|Any CPU
		{FF872120-482C-4D10-80C7-C5A3E8BC9059}.Release|x86.ActiveCfg = Release|Any CPU
		{FF872120-482C-4D10-80C7-C5A3E8BC9059}.Release|x86.Build.0 = Release|Any CPU
		{12F67877-A1CD-4639-8921-BD3DC37D5CF4}.Debug|x86.ActiveCfg = Debug|Any CPU
		{12F67877-A1CD-4639-8921-BD3DC37D5CF4}.Debug|x86.Build.0 = Debug|Any CPU
		{12F67877-A1CD-4639-8921-BD3DC37D5CF4}.Release|x86.ActiveCfg = Release|Any CPU
		{12F67877-A1CD-4639-8921-BD3DC37D5CF4}.Release|x86.Build.0 = Release|Any CPU
		{539FC76F-8ACF-4623-88F6-C08B52F4517E}.Debug|x86.ActiveCfg = Debug|Any CPU
		{539FC76F-8ACF-4623-88F6-C08B52F4517E}.Debug|x86.Build.0 = Debug|Any CPU
		{539FC76F-8ACF-4623-88F6-C08B52F4517E}.Release|x86.ActiveCfg = Release|Any CPU
		{539FC76F-8ACF-4623-88F6-C08B52F4517E}.Release|x86.Build.0 = Release|Any CPU
		{A0235394-24B0-4D06-954C-829637D4A93F}.Debug|x86.ActiveCfg = Debug|Any CPU
		{A0235394-24B0-4D06-954C-829637D4A93F}.Debug|x86.Build.0 = Debug|Any CPU
		{A0235394-24B0-4D06-954C-829637D4A93F}.Release|x86.ActiveCfg = Release|Any CPU
		{A0235394-24B0-4D06-954C-829637D4A93F}.Release|x86.Build.0 = Release|Any CPU
		{2D78B458-27ED-4741-9420-547F2371F835}.Debug|x86.ActiveCfg = Debug|Any CPU
		{2D78B458-27ED-4741-9420-547F2371F835}.Debug|x86.Build.0 = Debug|Any CPU
		{2D78B458-27ED-4741-9420-547F2371F835}.Release|x86.ActiveCfg = Release|Any CPU
		{2D78B458-27ED-4741-9420-547F2371F835}.Release|x86.Build.0 = Release|Any CPU
		{00313B46-00BF-4750-B152-01D8D2B1B7E7}.Debug|x86.ActiveCfg = Debug|Any CPU
		{00313B46-00BF-4750-B152-01D8D2B1B7E7}.Debug|x86.Build.0 = Debug|Any CPU
		{00313B46-00BF-4750-B152-01D8D2B1B7E7}.Release|x86.ActiveCfg = Release|Any CPU
		{00313B46-00BF-4750-B152-01D8D2B1B7E7}.Release|x86.Build.0 = Release|Any CPU
		{E8145752-B66B-46F8-AED8-5833D941F8F4}.Debug|x86.ActiveCfg = Debug|Any CPU
		{E8145752-B66B-46F8-AED8-5833D941F8F4}.Debug|x86.Build.0 = Debug|Any CPU
		{E8145752-B66B-46F8-AED8-5833D941F8F4}.Release|x86.ActiveCfg = Release|Any CPU
		{E8145752-B66B-46F8-AED8-5833D941F8F4}.Release|x86.Build.0 = Release|Any CPU
	EndGlobalSection
	GlobalSection(NestedProjects) = preSolution
		{D21F4DA4-C1B3-4801-BE36-8EEA72D6C8A4} = {8B545F27-F323-454A-90BD-532040785B6A}
		{666547BB-F1F6-4578-A39B-056B08D1796F} = {8B545F27-F323-454A-90BD-532040785B6A}
		{D5605A4F-6070-4BB7-AAAA-97A0EF59C343} = {8B545F27-F323-454A-90BD-532040785B6A}
		{52F92E76-28BD-448B-BE43-8A74C3EEBEA3} = {8B545F27-F323-454A-90BD-532040785B6A}
		{906F302C-6C83-409F-8EAF-D0D58CFEB0C4} = {8B545F27-F323-454A-90BD-532040785B6A}
		{01F1CEC1-C869-4A80-8E53-6C2754123B99} = {8B545F27-F323-454A-90BD-532040785B6A}
		{A8494545-4649-4C39-8F7D-A2A924B08B8D} = {4ECCDEA3-C3CD-4F1C-A355-5B517224705F}
		{9AAB6C21-1BF4-4C88-90EF-77B0E1E3A41D} = {4ECCDEA3-C3CD-4F1C-A355-5B517224705F}
		{077B6944-C066-4735-9A2B-4EEB5EA956EA} = {4ECCDEA3-C3CD-4F1C-A355-5B517224705F}
		{FF872120-482C-4D10-80C7-C5A3E8BC9059} = {4ECCDEA3-C3CD-4F1C-A355-5B517224705F}
		{12F67877-A1CD-4639-8921-BD3DC37D5CF4} = {E1C20B85-715D-4703-BFCA-1D59530A5491}
		{539FC76F-8ACF-4623-88F6-C08B52F4517E} = {E1C20B85-715D-4703-BFCA-1D59530A5491}
		{A0235394-24B0-4D06-954C-829637D4A93F} = {4ECCDEA3-C3CD-4F1C-A355-5B517224705F}
		{2D78B458-27ED-4741-9420-547F2371F835} = {8B545F27-F323-454A-90BD-532040785B6A}
		{00313B46-00BF-4750-B152-01D8D2B1B7E7} = {4ECCDEA3-C3CD-4F1C-A355-5B517224705F}
		{097E4274-8086-4046-9CBD-FAA10592A173} = {4ECCDEA3-C3CD-4F1C-A355-5B517224705F}
		{E8145752-B66B-46F8-AED8-5833D941F8F4} = {4ECCDEA3-C3CD-4F1C-A355-5B517224705F}
	EndGlobalSection
EndGlobal
